
Microsoft Visual Studio Solution File, Format Version 12.00
# Visual Studio Version 17
VisualStudioVersion = 17.9.34622.214
MinimumVisualStudioVersion = 10.0.40219.1
Project("{8BC9CEB8-8B4A-11D0-8D11-00A0C91BC942}") = "DZ6Z4", "DZ6Z4\DZ6Z4.vcxproj", "{DE347928-ECDF-45BD-ABC6-E61C113AEC17}"
EndProject
Global
	GlobalSection(SolutionConfigurationPlatforms) = preSolution
		Debug|x64 = Debug|x64
		Debug|x86 = Debug|x86
		Release|x64 = Release|x64
		Release|x86 = Release|x86
	EndGlobalSection
	GlobalSection(ProjectConfigurationPlatforms) = postSolution
		{DE347928-ECDF-45BD-ABC6-E61C113AEC17}.Debug|x64.ActiveCfg = Debug|x64
		{DE347928-ECDF-45BD-ABC6-E61C113AEC17}.Debug|x64.Build.0 = Debug|x64
		{DE347928-ECDF-45BD-ABC6-E61C113AEC17}.Debug|x86.ActiveCfg = Debug|Win32
		{DE347928-ECDF-45BD-ABC6-E61C113AEC17}.Debug|x86.Build.0 = Debug|Win32
		{DE347928-ECDF-45BD-ABC6-E61C113AEC17}.Release|x64.ActiveCfg = Release|x64
		{DE347928-ECDF-45BD-ABC6-E61C113AEC17}.Release|x64.Build.0 = Release|x64
		{DE347928-ECDF-45BD-ABC6-E61C113AEC17}.Release|x86.ActiveCfg = Release|Win32
		{DE347928-ECDF-45BD-ABC6-E61C113AEC17}.Release|x86.Build.0 = Release|Win32
	EndGlobalSection
	GlobalSection(SolutionProperties) = preSolution
		HideSolutionNode = FALSE
	EndGlobalSection
	GlobalSection(ExtensibilityGlobals) = postSolution
		SolutionGuid = {22D5DCAD-7EE2-46B4-95C0-8E74FF73A58F}
	EndGlobalSection
EndGlobal
